
Microsoft Visual Studio Solution File, Format Version 12.00
# Visual Studio Version 17
VisualStudioVersion = 17.9.34902.65
MinimumVisualStudioVersion = 10.0.40219.1
Project("{FAE04EC0-301F-11D3-BF4B-00C04F79EFBC}") = "Automorphism", "Automorphism\Automorphism\Automorphism.csproj", "{C3A2FBD2-3F8D-4BFE-90FD-EA2CCDACA001}"
EndProject
Project("{FAE04EC0-301F-11D3-BF4B-00C04F79EFBC}") = "Automorphism.Client", "Automorphism\Automorphism.Client\Automorphism.Client.csproj", "{A069B0F4-CD9C-4FEF-97D3-B4C494B240E4}"
EndProject
Global
	GlobalSection(SolutionConfigurationPlatforms) = preSolution
		Debug|Any CPU = Debug|Any CPU
		Release|Any CPU = Release|Any CPU
	EndGlobalSection
	GlobalSection(ProjectConfigurationPlatforms) = postSolution
		{C3A2FBD2-3F8D-4BFE-90FD-EA2CCDACA001}.Debug|Any CPU.ActiveCfg = Debug|Any CPU
		{C3A2FBD2-3F8D-4BFE-90FD-EA2CCDACA001}.Debug|Any CPU.Build.0 = Debug|Any CPU
		{C3A2FBD2-3F8D-4BFE-90FD-EA2CCDACA001}.Release|Any CPU.ActiveCfg = Release|Any CPU
		{C3A2FBD2-3F8D-4BFE-90FD-EA2CCDACA001}.Release|Any CPU.Build.0 = Release|Any CPU
		{A069B0F4-CD9C-4FEF-97D3-B4C494B240E4}.Debug|Any CPU.ActiveCfg = Debug|Any CPU
		{A069B0F4-CD9C-4FEF-97D3-B4C494B240E4}.Debug|Any CPU.Build.0 = Debug|Any CPU
		{A069B0F4-CD9C-4FEF-97D3-B4C494B240E4}.Release|Any CPU.ActiveCfg = Release|Any CPU
		{A069B0F4-CD9C-4FEF-97D3-B4C494B240E4}.Release|Any CPU.Build.0 = Release|Any CPU
	EndGlobalSection
	GlobalSection(SolutionProperties) = preSolution
		HideSolutionNode = FALSE
	EndGlobalSection
	GlobalSection(ExtensibilityGlobals) = postSolution
		SolutionGuid = {F3A008DF-2CBC-4254-BBB0-A184608E22C3}
	EndGlobalSection
EndGlobal
